// !$*UTF8*$!
{
	archiveVersion = 1;
	classes = {
	};
	objectVersion = 56;
	objects = {

/* Begin PBXBuildFile section */
		D1F9E8D92C7DBDFC0001E6EE /* AppDelegate.swift in Sources */ = {isa = PBXBuildFile; fileRef = D1F9E8D82C7DBDFC0001E6EE /* AppDelegate.swift */; };
		D1F9E8DB2C7DBDFC0001E6EE /* SceneDelegate.swift in Sources */ = {isa = PBXBuildFile; fileRef = D1F9E8DA2C7DBDFC0001E6EE /* SceneDelegate.swift */; };
		D1F9E8DD2C7DBDFC0001E6EE /* MainScreenViewController.swift in Sources */ = {isa = PBXBuildFile; fileRef = D1F9E8DC2C7DBDFC0001E6EE /* MainScreenViewController.swift */; };
		D1F9E8E32C7DBDFC0001E6EE /* ToDoListTest.xcdatamodeld in Sources */ = {isa = PBXBuildFile; fileRef = D1F9E8E12C7DBDFC0001E6EE /* ToDoListTest.xcdatamodeld */; };
		D1F9E8E52C7DBDFE0001E6EE /* Assets.xcassets in Resources */ = {isa = PBXBuildFile; fileRef = D1F9E8E42C7DBDFE0001E6EE /* Assets.xcassets */; };
		D1F9E8E82C7DBDFE0001E6EE /* LaunchScreen.storyboard in Resources */ = {isa = PBXBuildFile; fileRef = D1F9E8E62C7DBDFE0001E6EE /* LaunchScreen.storyboard */; };
		D1F9E8F02C7DBEFE0001E6EE /* MainScreenPresenter.swift in Sources */ = {isa = PBXBuildFile; fileRef = D1F9E8EF2C7DBEFE0001E6EE /* MainScreenPresenter.swift */; };
		D1F9E8F22C7DBF1D0001E6EE /* MainScreenInteractor.swift in Sources */ = {isa = PBXBuildFile; fileRef = D1F9E8F12C7DBF1D0001E6EE /* MainScreenInteractor.swift */; };
		D1F9E8F42C7DBF3A0001E6EE /* MainScreenRouter.swift in Sources */ = {isa = PBXBuildFile; fileRef = D1F9E8F32C7DBF3A0001E6EE /* MainScreenRouter.swift */; };
		D1F9E8F62C7DBF5B0001E6EE /* MainScreenViewBuilder.swift in Sources */ = {isa = PBXBuildFile; fileRef = D1F9E8F52C7DBF5B0001E6EE /* MainScreenViewBuilder.swift */; };
		D1F9E8F82C7DBF750001E6EE /* TodoListModel.swift in Sources */ = {isa = PBXBuildFile; fileRef = D1F9E8F72C7DBF750001E6EE /* TodoListModel.swift */; };
		D1F9E8FA2C7DBF940001E6EE /* MainScreenTableViewCell.swift in Sources */ = {isa = PBXBuildFile; fileRef = D1F9E8F92C7DBF940001E6EE /* MainScreenTableViewCell.swift */; };
		D1F9E8FC2C7DBFB00001E6EE /* NetworkManager.swift in Sources */ = {isa = PBXBuildFile; fileRef = D1F9E8FB2C7DBFB00001E6EE /* NetworkManager.swift */; };
		D1F9E8FF2C7DBFCD0001E6EE /* Alamofire in Frameworks */ = {isa = PBXBuildFile; productRef = D1F9E8FE2C7DBFCD0001E6EE /* Alamofire */; };
		D1F9E9022C7DBFE10001E6EE /* SnapKit in Frameworks */ = {isa = PBXBuildFile; productRef = D1F9E9012C7DBFE10001E6EE /* SnapKit */; };
		D1F9E9072C7DDE1F0001E6EE /* ToDoDetailsScreenViewController.swift in Sources */ = {isa = PBXBuildFile; fileRef = D1F9E9062C7DDE1F0001E6EE /* ToDoDetailsScreenViewController.swift */; };
		D1F9E90A2C7DDEEA0001E6EE /* ToDoDetailsScreenPresenter.swift in Sources */ = {isa = PBXBuildFile; fileRef = D1F9E9092C7DDEEA0001E6EE /* ToDoDetailsScreenPresenter.swift */; };
		D1F9E90C2C7DDF010001E6EE /* ToDoDetailsScreenInteractor.swift in Sources */ = {isa = PBXBuildFile; fileRef = D1F9E90B2C7DDF010001E6EE /* ToDoDetailsScreenInteractor.swift */; };
		D1F9E90E2C7DDF190001E6EE /* ToDoDetailsScreenRouter.swift in Sources */ = {isa = PBXBuildFile; fileRef = D1F9E90D2C7DDF190001E6EE /* ToDoDetailsScreenRouter.swift */; };
		D1F9E9102C7DE0FD0001E6EE /* ToDoDetailsScreenViewBuilder.swift in Sources */ = {isa = PBXBuildFile; fileRef = D1F9E90F2C7DE0FD0001E6EE /* ToDoDetailsScreenViewBuilder.swift */; };
		D1F9E9142C805B3B0001E6EE /* MainScreenEntity.swift in Sources */ = {isa = PBXBuildFile; fileRef = D1F9E9132C805B3B0001E6EE /* MainScreenEntity.swift */; };
		D1F9E9162C80609B0001E6EE /* TodoDetailsScreenEntity.swift in Sources */ = {isa = PBXBuildFile; fileRef = D1F9E9152C80609B0001E6EE /* TodoDetailsScreenEntity.swift */; };
/* End PBXBuildFile section */

/* Begin PBXFileReference section */
		D1F9E8D52C7DBDFC0001E6EE /* ToDoListTest.app */ = {isa = PBXFileReference; explicitFileType = wrapper.application; includeInIndex = 0; path = ToDoListTest.app; sourceTree = BUILT_PRODUCTS_DIR; };
		D1F9E8D82C7DBDFC0001E6EE /* AppDelegate.swift */ = {isa = PBXFileReference; lastKnownFileType = sourcecode.swift; path = AppDelegate.swift; sourceTree = "<group>"; };
		D1F9E8DA2C7DBDFC0001E6EE /* SceneDelegate.swift */ = {isa = PBXFileReference; lastKnownFileType = sourcecode.swift; path = SceneDelegate.swift; sourceTree = "<group>"; };
		D1F9E8DC2C7DBDFC0001E6EE /* MainScreenViewController.swift */ = {isa = PBXFileReference; lastKnownFileType = sourcecode.swift; path = MainScreenViewController.swift; sourceTree = "<group>"; };
		D1F9E8E22C7DBDFC0001E6EE /* ToDoListTest.xcdatamodel */ = {isa = PBXFileReference; lastKnownFileType = wrapper.xcdatamodel; path = ToDoListTest.xcdatamodel; sourceTree = "<group>"; };
		D1F9E8E42C7DBDFE0001E6EE /* Assets.xcassets */ = {isa = PBXFileReference; lastKnownFileType = folder.assetcatalog; path = Assets.xcassets; sourceTree = "<group>"; };
		D1F9E8E72C7DBDFE0001E6EE /* Base */ = {isa = PBXFileReference; lastKnownFileType = file.storyboard; name = Base; path = Base.lproj/LaunchScreen.storyboard; sourceTree = "<group>"; };
		D1F9E8E92C7DBDFE0001E6EE /* Info.plist */ = {isa = PBXFileReference; lastKnownFileType = text.plist.xml; path = Info.plist; sourceTree = "<group>"; };
		D1F9E8EF2C7DBEFE0001E6EE /* MainScreenPresenter.swift */ = {isa = PBXFileReference; lastKnownFileType = sourcecode.swift; path = MainScreenPresenter.swift; sourceTree = "<group>"; };
		D1F9E8F12C7DBF1D0001E6EE /* MainScreenInteractor.swift */ = {isa = PBXFileReference; lastKnownFileType = sourcecode.swift; path = MainScreenInteractor.swift; sourceTree = "<group>"; };
		D1F9E8F32C7DBF3A0001E6EE /* MainScreenRouter.swift */ = {isa = PBXFileReference; lastKnownFileType = sourcecode.swift; path = MainScreenRouter.swift; sourceTree = "<group>"; };
		D1F9E8F52C7DBF5B0001E6EE /* MainScreenViewBuilder.swift */ = {isa = PBXFileReference; lastKnownFileType = sourcecode.swift; path = MainScreenViewBuilder.swift; sourceTree = "<group>"; };
		D1F9E8F72C7DBF750001E6EE /* TodoListModel.swift */ = {isa = PBXFileReference; lastKnownFileType = sourcecode.swift; path = TodoListModel.swift; sourceTree = "<group>"; };
		D1F9E8F92C7DBF940001E6EE /* MainScreenTableViewCell.swift */ = {isa = PBXFileReference; lastKnownFileType = sourcecode.swift; path = MainScreenTableViewCell.swift; sourceTree = "<group>"; };
		D1F9E8FB2C7DBFB00001E6EE /* NetworkManager.swift */ = {isa = PBXFileReference; lastKnownFileType = sourcecode.swift; path = NetworkManager.swift; sourceTree = "<group>"; };
		D1F9E9062C7DDE1F0001E6EE /* ToDoDetailsScreenViewController.swift */ = {isa = PBXFileReference; lastKnownFileType = sourcecode.swift; path = ToDoDetailsScreenViewController.swift; sourceTree = "<group>"; };
		D1F9E9092C7DDEEA0001E6EE /* ToDoDetailsScreenPresenter.swift */ = {isa = PBXFileReference; lastKnownFileType = sourcecode.swift; path = ToDoDetailsScreenPresenter.swift; sourceTree = "<group>"; };
		D1F9E90B2C7DDF010001E6EE /* ToDoDetailsScreenInteractor.swift */ = {isa = PBXFileReference; lastKnownFileType = sourcecode.swift; path = ToDoDetailsScreenInteractor.swift; sourceTree = "<group>"; };
		D1F9E90D2C7DDF190001E6EE /* ToDoDetailsScreenRouter.swift */ = {isa = PBXFileReference; lastKnownFileType = sourcecode.swift; path = ToDoDetailsScreenRouter.swift; sourceTree = "<group>"; };
		D1F9E90F2C7DE0FD0001E6EE /* ToDoDetailsScreenViewBuilder.swift */ = {isa = PBXFileReference; lastKnownFileType = sourcecode.swift; path = ToDoDetailsScreenViewBuilder.swift; sourceTree = "<group>"; };
		D1F9E9132C805B3B0001E6EE /* MainScreenEntity.swift */ = {isa = PBXFileReference; lastKnownFileType = sourcecode.swift; path = MainScreenEntity.swift; sourceTree = "<group>"; };
		D1F9E9152C80609B0001E6EE /* TodoDetailsScreenEntity.swift */ = {isa = PBXFileReference; lastKnownFileType = sourcecode.swift; path = TodoDetailsScreenEntity.swift; sourceTree = "<group>"; };
/* End PBXFileReference section */

/* Begin PBXFrameworksBuildPhase section */
		D1F9E8D22C7DBDFC0001E6EE /* Frameworks */ = {
			isa = PBXFrameworksBuildPhase;
			buildActionMask = 2147483647;
			files = (
				D1F9E8FF2C7DBFCD0001E6EE /* Alamofire in Frameworks */,
				D1F9E9022C7DBFE10001E6EE /* SnapKit in Frameworks */,
			);
			runOnlyForDeploymentPostprocessing = 0;
		};
/* End PBXFrameworksBuildPhase section */

/* Begin PBXGroup section */
		D1F9E8CC2C7DBDFC0001E6EE = {
			isa = PBXGroup;
			children = (
				D1F9E8D72C7DBDFC0001E6EE /* ToDoListTest */,
				D1F9E8D62C7DBDFC0001E6EE /* Products */,
			);
			sourceTree = "<group>";
		};
		D1F9E8D62C7DBDFC0001E6EE /* Products */ = {
			isa = PBXGroup;
			children = (
				D1F9E8D52C7DBDFC0001E6EE /* ToDoListTest.app */,
			);
			name = Products;
			sourceTree = "<group>";
		};
		D1F9E8D72C7DBDFC0001E6EE /* ToDoListTest */ = {
			isa = PBXGroup;
			children = (
				D1F9E9112C7F759B0001E6EE /* Application */,
				D1F9E9042C7DC0420001E6EE /* MainScreenModule */,
				D1F9E9082C7DDE2E0001E6EE /* ToDoDetailsScreenModule */,
				D1F9E9032C7DC0300001E6EE /* API */,
				D1F9E8E42C7DBDFE0001E6EE /* Assets.xcassets */,
				D1F9E8E62C7DBDFE0001E6EE /* LaunchScreen.storyboard */,
				D1F9E8E92C7DBDFE0001E6EE /* Info.plist */,
				D1F9E8E12C7DBDFC0001E6EE /* ToDoListTest.xcdatamodeld */,
			);
			path = ToDoListTest;
			sourceTree = "<group>";
		};
		D1F9E9032C7DC0300001E6EE /* API */ = {
			isa = PBXGroup;
			children = (
				D1F9E9122C805B120001E6EE /* Responses */,
				D1F9E8FB2C7DBFB00001E6EE /* NetworkManager.swift */,
			);
			path = API;
			sourceTree = "<group>";
		};
		D1F9E9042C7DC0420001E6EE /* MainScreenModule */ = {
			isa = PBXGroup;
			children = (
				D1F9E8DC2C7DBDFC0001E6EE /* MainScreenViewController.swift */,
				D1F9E8EF2C7DBEFE0001E6EE /* MainScreenPresenter.swift */,
				D1F9E8F12C7DBF1D0001E6EE /* MainScreenInteractor.swift */,
				D1F9E8F32C7DBF3A0001E6EE /* MainScreenRouter.swift */,
				D1F9E8F52C7DBF5B0001E6EE /* MainScreenViewBuilder.swift */,
				D1F9E9132C805B3B0001E6EE /* MainScreenEntity.swift */,
				D1F9E9052C7DC0550001E6EE /* TableViewCells */,
			);
			path = MainScreenModule;
			sourceTree = "<group>";
		};
		D1F9E9052C7DC0550001E6EE /* TableViewCells */ = {
			isa = PBXGroup;
			children = (
				D1F9E8F92C7DBF940001E6EE /* MainScreenTableViewCell.swift */,
			);
			path = TableViewCells;
			sourceTree = "<group>";
		};
		D1F9E9082C7DDE2E0001E6EE /* ToDoDetailsScreenModule */ = {
			isa = PBXGroup;
			children = (
				D1F9E9062C7DDE1F0001E6EE /* ToDoDetailsScreenViewController.swift */,
				D1F9E9092C7DDEEA0001E6EE /* ToDoDetailsScreenPresenter.swift */,
				D1F9E90B2C7DDF010001E6EE /* ToDoDetailsScreenInteractor.swift */,
				D1F9E90D2C7DDF190001E6EE /* ToDoDetailsScreenRouter.swift */,
				D1F9E90F2C7DE0FD0001E6EE /* ToDoDetailsScreenViewBuilder.swift */,
				D1F9E9152C80609B0001E6EE /* TodoDetailsScreenEntity.swift */,
			);
			path = ToDoDetailsScreenModule;
			sourceTree = "<group>";
		};
		D1F9E9112C7F759B0001E6EE /* Application */ = {
			isa = PBXGroup;
			children = (
				D1F9E8D82C7DBDFC0001E6EE /* AppDelegate.swift */,
				D1F9E8DA2C7DBDFC0001E6EE /* SceneDelegate.swift */,
			);
			path = Application;
			sourceTree = "<group>";
		};
		D1F9E9122C805B120001E6EE /* Responses */ = {
			isa = PBXGroup;
			children = (
				D1F9E8F72C7DBF750001E6EE /* TodoListModel.swift */,
			);
			path = Responses;
			sourceTree = "<group>";
		};
/* End PBXGroup section */

/* Begin PBXNativeTarget section */
		D1F9E8D42C7DBDFC0001E6EE /* ToDoListTest */ = {
			isa = PBXNativeTarget;
			buildConfigurationList = D1F9E8EC2C7DBDFE0001E6EE /* Build configuration list for PBXNativeTarget "ToDoListTest" */;
			buildPhases = (
				D1F9E8D12C7DBDFC0001E6EE /* Sources */,
				D1F9E8D22C7DBDFC0001E6EE /* Frameworks */,
				D1F9E8D32C7DBDFC0001E6EE /* Resources */,
			);
			buildRules = (
			);
			dependencies = (
			);
			name = ToDoListTest;
			packageProductDependencies = (
				D1F9E8FE2C7DBFCD0001E6EE /* Alamofire */,
				D1F9E9012C7DBFE10001E6EE /* SnapKit */,
			);
			productName = ToDoListTest;
			productReference = D1F9E8D52C7DBDFC0001E6EE /* ToDoListTest.app */;
			productType = "com.apple.product-type.application";
		};
/* End PBXNativeTarget section */

/* Begin PBXProject section */
		D1F9E8CD2C7DBDFC0001E6EE /* Project object */ = {
			isa = PBXProject;
			attributes = {
				BuildIndependentTargetsInParallel = 1;
				LastSwiftUpdateCheck = 1500;
				LastUpgradeCheck = 1500;
				TargetAttributes = {
					D1F9E8D42C7DBDFC0001E6EE = {
						CreatedOnToolsVersion = 15.0.1;
					};
				};
			};
			buildConfigurationList = D1F9E8D02C7DBDFC0001E6EE /* Build configuration list for PBXProject "ToDoListTest" */;
			compatibilityVersion = "Xcode 14.0";
			developmentRegion = en;
			hasScannedForEncodings = 0;
			knownRegions = (
				en,
				Base,
			);
			mainGroup = D1F9E8CC2C7DBDFC0001E6EE;
			packageReferences = (
				D1F9E8FD2C7DBFCD0001E6EE /* XCRemoteSwiftPackageReference "Alamofire" */,
				D1F9E9002C7DBFE10001E6EE /* XCRemoteSwiftPackageReference "SnapKit" */,
			);
			productRefGroup = D1F9E8D62C7DBDFC0001E6EE /* Products */;
			projectDirPath = "";
			projectRoot = "";
			targets = (
				D1F9E8D42C7DBDFC0001E6EE /* ToDoListTest */,
			);
		};
/* End PBXProject section */

/* Begin PBXResourcesBuildPhase section */
		D1F9E8D32C7DBDFC0001E6EE /* Resources */ = {
			isa = PBXResourcesBuildPhase;
			buildActionMask = 2147483647;
			files = (
				D1F9E8E82C7DBDFE0001E6EE /* LaunchScreen.storyboard in Resources */,
				D1F9E8E52C7DBDFE0001E6EE /* Assets.xcassets in Resources */,
			);
			runOnlyForDeploymentPostprocessing = 0;
		};
/* End PBXResourcesBuildPhase section */

/* Begin PBXSourcesBuildPhase section */
		D1F9E8D12C7DBDFC0001E6EE /* Sources */ = {
			isa = PBXSourcesBuildPhase;
			buildActionMask = 2147483647;
			files = (
				D1F9E8F42C7DBF3A0001E6EE /* MainScreenRouter.swift in Sources */,
				D1F9E8DD2C7DBDFC0001E6EE /* MainScreenViewController.swift in Sources */,
				D1F9E8FA2C7DBF940001E6EE /* MainScreenTableViewCell.swift in Sources */,
				D1F9E8D92C7DBDFC0001E6EE /* AppDelegate.swift in Sources */,
				D1F9E8FC2C7DBFB00001E6EE /* NetworkManager.swift in Sources */,
				D1F9E9102C7DE0FD0001E6EE /* ToDoDetailsScreenViewBuilder.swift in Sources */,
				D1F9E8DB2C7DBDFC0001E6EE /* SceneDelegate.swift in Sources */,
				D1F9E8E32C7DBDFC0001E6EE /* ToDoListTest.xcdatamodeld in Sources */,
				D1F9E8F62C7DBF5B0001E6EE /* MainScreenViewBuilder.swift in Sources */,
				D1F9E90A2C7DDEEA0001E6EE /* ToDoDetailsScreenPresenter.swift in Sources */,
				D1F9E8F02C7DBEFE0001E6EE /* MainScreenPresenter.swift in Sources */,
				D1F9E9142C805B3B0001E6EE /* MainScreenEntity.swift in Sources */,
				D1F9E9072C7DDE1F0001E6EE /* ToDoDetailsScreenViewController.swift in Sources */,
				D1F9E90C2C7DDF010001E6EE /* ToDoDetailsScreenInteractor.swift in Sources */,
				D1F9E8F82C7DBF750001E6EE /* TodoListModel.swift in Sources */,
				D1F9E90E2C7DDF190001E6EE /* ToDoDetailsScreenRouter.swift in Sources */,
				D1F9E8F22C7DBF1D0001E6EE /* MainScreenInteractor.swift in Sources */,
				D1F9E9162C80609B0001E6EE /* TodoDetailsScreenEntity.swift in Sources */,
			);
			runOnlyForDeploymentPostprocessing = 0;
		};
/* End PBXSourcesBuildPhase section */

/* Begin PBXVariantGroup section */
		D1F9E8E62C7DBDFE0001E6EE /* LaunchScreen.storyboard */ = {
			isa = PBXVariantGroup;
			children = (
				D1F9E8E72C7DBDFE0001E6EE /* Base */,
			);
			name = LaunchScreen.storyboard;
			sourceTree = "<group>";
		};
/* End PBXVariantGroup section */

/* Begin XCBuildConfiguration section */
		D1F9E8EA2C7DBDFE0001E6EE /* Debug */ = {
			isa = XCBuildConfiguration;
			buildSettings = {
				ALWAYS_SEARCH_USER_PATHS = NO;
				ASSETCATALOG_COMPILER_GENERATE_SWIFT_ASSET_SYMBOL_EXTENSIONS = YES;
				CLANG_ANALYZER_NONNULL = YES;
				CLANG_ANALYZER_NUMBER_OBJECT_CONVERSION = YES_AGGRESSIVE;
				CLANG_CXX_LANGUAGE_STANDARD = "gnu++20";
				CLANG_ENABLE_MODULES = YES;
				CLANG_ENABLE_OBJC_ARC = YES;
				CLANG_ENABLE_OBJC_WEAK = YES;
				CLANG_WARN_BLOCK_CAPTURE_AUTORELEASING = YES;
				CLANG_WARN_BOOL_CONVERSION = YES;
				CLANG_WARN_COMMA = YES;
				CLANG_WARN_CONSTANT_CONVERSION = YES;
				CLANG_WARN_DEPRECATED_OBJC_IMPLEMENTATIONS = YES;
				CLANG_WARN_DIRECT_OBJC_ISA_USAGE = YES_ERROR;
				CLANG_WARN_DOCUMENTATION_COMMENTS = YES;
				CLANG_WARN_EMPTY_BODY = YES;
				CLANG_WARN_ENUM_CONVERSION = YES;
				CLANG_WARN_INFINITE_RECURSION = YES;
				CLANG_WARN_INT_CONVERSION = YES;
				CLANG_WARN_NON_LITERAL_NULL_CONVERSION = YES;
				CLANG_WARN_OBJC_IMPLICIT_RETAIN_SELF = YES;
				CLANG_WARN_OBJC_LITERAL_CONVERSION = YES;
				CLANG_WARN_OBJC_ROOT_CLASS = YES_ERROR;
				CLANG_WARN_QUOTED_INCLUDE_IN_FRAMEWORK_HEADER = YES;
				CLANG_WARN_RANGE_LOOP_ANALYSIS = YES;
				CLANG_WARN_STRICT_PROTOTYPES = YES;
				CLANG_WARN_SUSPICIOUS_MOVE = YES;
				CLANG_WARN_UNGUARDED_AVAILABILITY = YES_AGGRESSIVE;
				CLANG_WARN_UNREACHABLE_CODE = YES;
				CLANG_WARN__DUPLICATE_METHOD_MATCH = YES;
				COPY_PHASE_STRIP = NO;
				DEBUG_INFORMATION_FORMAT = dwarf;
				ENABLE_STRICT_OBJC_MSGSEND = YES;
				ENABLE_TESTABILITY = YES;
				ENABLE_USER_SCRIPT_SANDBOXING = YES;
				GCC_C_LANGUAGE_STANDARD = gnu17;
				GCC_DYNAMIC_NO_PIC = NO;
				GCC_NO_COMMON_BLOCKS = YES;
				GCC_OPTIMIZATION_LEVEL = 0;
				GCC_PREPROCESSOR_DEFINITIONS = (
					"DEBUG=1",
					"$(inherited)",
				);
				GCC_WARN_64_TO_32_BIT_CONVERSION = YES;
				GCC_WARN_ABOUT_RETURN_TYPE = YES_ERROR;
				GCC_WARN_UNDECLARED_SELECTOR = YES;
				GCC_WARN_UNINITIALIZED_AUTOS = YES_AGGRESSIVE;
				GCC_WARN_UNUSED_FUNCTION = YES;
				GCC_WARN_UNUSED_VARIABLE = YES;
				IPHONEOS_DEPLOYMENT_TARGET = 17.0;
				LOCALIZATION_PREFERS_STRING_CATALOGS = YES;
				MTL_ENABLE_DEBUG_INFO = INCLUDE_SOURCE;
				MTL_FAST_MATH = YES;
				ONLY_ACTIVE_ARCH = YES;
				SDKROOT = iphoneos;
				SWIFT_ACTIVE_COMPILATION_CONDITIONS = "DEBUG $(inherited)";
				SWIFT_OPTIMIZATION_LEVEL = "-Onone";
			};
			name = Debug;
		};
		D1F9E8EB2C7DBDFE0001E6EE /* Release */ = {
			isa = XCBuildConfiguration;
			buildSettings = {
				ALWAYS_SEARCH_USER_PATHS = NO;
				ASSETCATALOG_COMPILER_GENERATE_SWIFT_ASSET_SYMBOL_EXTENSIONS = YES;
				CLANG_ANALYZER_NONNULL = YES;
				CLANG_ANALYZER_NUMBER_OBJECT_CONVERSION = YES_AGGRESSIVE;
				CLANG_CXX_LANGUAGE_STANDARD = "gnu++20";
				CLANG_ENABLE_MODULES = YES;
				CLANG_ENABLE_OBJC_ARC = YES;
				CLANG_ENABLE_OBJC_WEAK = YES;
				CLANG_WARN_BLOCK_CAPTURE_AUTORELEASING = YES;
				CLANG_WARN_BOOL_CONVERSION = YES;
				CLANG_WARN_COMMA = YES;
				CLANG_WARN_CONSTANT_CONVERSION = YES;
				CLANG_WARN_DEPRECATED_OBJC_IMPLEMENTATIONS = YES;
				CLANG_WARN_DIRECT_OBJC_ISA_USAGE = YES_ERROR;
				CLANG_WARN_DOCUMENTATION_COMMENTS = YES;
				CLANG_WARN_EMPTY_BODY = YES;
				CLANG_WARN_ENUM_CONVERSION = YES;
				CLANG_WARN_INFINITE_RECURSION = YES;
				CLANG_WARN_INT_CONVERSION = YES;
				CLANG_WARN_NON_LITERAL_NULL_CONVERSION = YES;
				CLANG_WARN_OBJC_IMPLICIT_RETAIN_SELF = YES;
				CLANG_WARN_OBJC_LITERAL_CONVERSION = YES;
				CLANG_WARN_OBJC_ROOT_CLASS = YES_ERROR;
				CLANG_WARN_QUOTED_INCLUDE_IN_FRAMEWORK_HEADER = YES;
				CLANG_WARN_RANGE_LOOP_ANALYSIS = YES;
				CLANG_WARN_STRICT_PROTOTYPES = YES;
				CLANG_WARN_SUSPICIOUS_MOVE = YES;
				CLANG_WARN_UNGUARDED_AVAILABILITY = YES_AGGRESSIVE;
				CLANG_WARN_UNREACHABLE_CODE = YES;
				CLANG_WARN__DUPLICATE_METHOD_MATCH = YES;
				COPY_PHASE_STRIP = NO;
				DEBUG_INFORMATION_FORMAT = "dwarf-with-dsym";
				ENABLE_NS_ASSERTIONS = NO;
				ENABLE_STRICT_OBJC_MSGSEND = YES;
				ENABLE_USER_SCRIPT_SANDBOXING = YES;
				GCC_C_LANGUAGE_STANDARD = gnu17;
				GCC_NO_COMMON_BLOCKS = YES;
				GCC_WARN_64_TO_32_BIT_CONVERSION = YES;
				GCC_WARN_ABOUT_RETURN_TYPE = YES_ERROR;
				GCC_WARN_UNDECLARED_SELECTOR = YES;
				GCC_WARN_UNINITIALIZED_AUTOS = YES_AGGRESSIVE;
				GCC_WARN_UNUSED_FUNCTION = YES;
				GCC_WARN_UNUSED_VARIABLE = YES;
				IPHONEOS_DEPLOYMENT_TARGET = 17.0;
				LOCALIZATION_PREFERS_STRING_CATALOGS = YES;
				MTL_ENABLE_DEBUG_INFO = NO;
				MTL_FAST_MATH = YES;
				SDKROOT = iphoneos;
				SWIFT_COMPILATION_MODE = wholemodule;
				VALIDATE_PRODUCT = YES;
			};
			name = Release;
		};
		D1F9E8ED2C7DBDFE0001E6EE /* Debug */ = {
			isa = XCBuildConfiguration;
			buildSettings = {
				ASSETCATALOG_COMPILER_APPICON_NAME = AppIcon;
				ASSETCATALOG_COMPILER_GLOBAL_ACCENT_COLOR_NAME = AccentColor;
				CODE_SIGN_STYLE = Automatic;
				CURRENT_PROJECT_VERSION = 1;
				DEVELOPMENT_TEAM = 8KV7G2XJQV;
				GENERATE_INFOPLIST_FILE = YES;
				INFOPLIST_FILE = ToDoListTest/Info.plist;
				INFOPLIST_KEY_UIApplicationSupportsIndirectInputEvents = YES;
				INFOPLIST_KEY_UILaunchStoryboardName = LaunchScreen;
				INFOPLIST_KEY_UISupportedInterfaceOrientations_iPad = "UIInterfaceOrientationPortrait UIInterfaceOrientationPortraitUpsideDown UIInterfaceOrientationLandscapeLeft UIInterfaceOrientationLandscapeRight";
				INFOPLIST_KEY_UISupportedInterfaceOrientations_iPhone = "UIInterfaceOrientationPortrait UIInterfaceOrientationLandscapeLeft UIInterfaceOrientationLandscapeRight";
				LD_RUNPATH_SEARCH_PATHS = (
					"$(inherited)",
					"@executable_path/Frameworks",
				);
				MARKETING_VERSION = 1.0;
				PRODUCT_BUNDLE_IDENTIFIER = A.ToDoListTest;
				PRODUCT_NAME = "$(TARGET_NAME)";
				SWIFT_EMIT_LOC_STRINGS = YES;
				SWIFT_VERSION = 5.0;
				TARGETED_DEVICE_FAMILY = "1,2";
			};
			name = Debug;
		};
		D1F9E8EE2C7DBDFE0001E6EE /* Release */ = {
			isa = XCBuildConfiguration;
			buildSettings = {
				ASSETCATALOG_COMPILER_APPICON_NAME = AppIcon;
				ASSETCATALOG_COMPILER_GLOBAL_ACCENT_COLOR_NAME = AccentColor;
				CODE_SIGN_STYLE = Automatic;
				CURRENT_PROJECT_VERSION = 1;
				DEVELOPMENT_TEAM = 8KV7G2XJQV;
				GENERATE_INFOPLIST_FILE = YES;
				INFOPLIST_FILE = ToDoListTest/Info.plist;
				INFOPLIST_KEY_UIApplicationSupportsIndirectInputEvents = YES;
				INFOPLIST_KEY_UILaunchStoryboardName = LaunchScreen;
				INFOPLIST_KEY_UISupportedInterfaceOrientations_iPad = "UIInterfaceOrientationPortrait UIInterfaceOrientationPortraitUpsideDown UIInterfaceOrientationLandscapeLeft UIInterfaceOrientationLandscapeRight";
				INFOPLIST_KEY_UISupportedInterfaceOrientations_iPhone = "UIInterfaceOrientationPortrait UIInterfaceOrientationLandscapeLeft UIInterfaceOrientationLandscapeRight";
				LD_RUNPATH_SEARCH_PATHS = (
					"$(inherited)",
					"@executable_path/Frameworks",
				);
				MARKETING_VERSION = 1.0;
				PRODUCT_BUNDLE_IDENTIFIER = A.ToDoListTest;
				PRODUCT_NAME = "$(TARGET_NAME)";
				SWIFT_EMIT_LOC_STRINGS = YES;
				SWIFT_VERSION = 5.0;
				TARGETED_DEVICE_FAMILY = "1,2";
			};
			name = Release;
		};
/* End XCBuildConfiguration section */

/* Begin XCConfigurationList section */
		D1F9E8D02C7DBDFC0001E6EE /* Build configuration list for PBXProject "ToDoListTest" */ = {
			isa = XCConfigurationList;
			buildConfigurations = (
				D1F9E8EA2C7DBDFE0001E6EE /* Debug */,
				D1F9E8EB2C7DBDFE0001E6EE /* Release */,
			);
			defaultConfigurationIsVisible = 0;
			defaultConfigurationName = Release;
		};
		D1F9E8EC2C7DBDFE0001E6EE /* Build configuration list for PBXNativeTarget "ToDoListTest" */ = {
			isa = XCConfigurationList;
			buildConfigurations = (
				D1F9E8ED2C7DBDFE0001E6EE /* Debug */,
				D1F9E8EE2C7DBDFE0001E6EE /* Release */,
			);
			defaultConfigurationIsVisible = 0;
			defaultConfigurationName = Release;
		};
/* End XCConfigurationList section */

/* Begin XCRemoteSwiftPackageReference section */
		D1F9E8FD2C7DBFCD0001E6EE /* XCRemoteSwiftPackageReference "Alamofire" */ = {
			isa = XCRemoteSwiftPackageReference;
			repositoryURL = "https://github.com/Alamofire/Alamofire";
			requirement = {
				kind = upToNextMajorVersion;
				minimumVersion = 5.9.1;
			};
		};
		D1F9E9002C7DBFE10001E6EE /* XCRemoteSwiftPackageReference "SnapKit" */ = {
			isa = XCRemoteSwiftPackageReference;
			repositoryURL = "https://github.com/SnapKit/SnapKit.git";
			requirement = {
				kind = upToNextMajorVersion;
				minimumVersion = 5.7.1;
			};
		};
/* End XCRemoteSwiftPackageReference section */

/* Begin XCSwiftPackageProductDependency section */
		D1F9E8FE2C7DBFCD0001E6EE /* Alamofire */ = {
			isa = XCSwiftPackageProductDependency;
			package = D1F9E8FD2C7DBFCD0001E6EE /* XCRemoteSwiftPackageReference "Alamofire" */;
			productName = Alamofire;
		};
		D1F9E9012C7DBFE10001E6EE /* SnapKit */ = {
			isa = XCSwiftPackageProductDependency;
			package = D1F9E9002C7DBFE10001E6EE /* XCRemoteSwiftPackageReference "SnapKit" */;
			productName = SnapKit;
		};
/* End XCSwiftPackageProductDependency section */

/* Begin XCVersionGroup section */
		D1F9E8E12C7DBDFC0001E6EE /* ToDoListTest.xcdatamodeld */ = {
			isa = XCVersionGroup;
			children = (
				D1F9E8E22C7DBDFC0001E6EE /* ToDoListTest.xcdatamodel */,
			);
			currentVersion = D1F9E8E22C7DBDFC0001E6EE /* ToDoListTest.xcdatamodel */;
			path = ToDoListTest.xcdatamodeld;
			sourceTree = "<group>";
			versionGroupType = wrapper.xcdatamodel;
		};
/* End XCVersionGroup section */
	};
	rootObject = D1F9E8CD2C7DBDFC0001E6EE /* Project object */;
}
